
Microsoft Visual Studio Solution File, Format Version 12.00
# Visual Studio Version 17
VisualStudioVersion = 17.14.36310.24
MinimumVisualStudioVersion = 10.0.40219.1
Project("{FAE04EC0-301F-11D3-BF4B-00C04F79EFBC}") = "SolforbTestTaskBlazor", "SolforbTestTaskBlazor\SolforbTestTaskBlazor.csproj", "{2A408D4E-5ACF-4F44-BDD3-40BE4D4B62F4}"
EndProject
Project("{FAE04EC0-301F-11D3-BF4B-00C04F79EFBC}") = "SolforbTestTask.Data", "SolforbTestTask.Data\SolforbTestTask.Data.csproj", "{79A6F8D4-445A-44A3-942D-5EB7F1740B41}"
EndProject
Project("{FAE04EC0-301F-11D3-BF4B-00C04F79EFBC}") = "BlazorApp1", "BlazorApp1\BlazorApp1.csproj", "{B5D7A86A-EFC2-4C7B-83EE-CB22BD964BBA}"
EndProject
Global
	GlobalSection(SolutionConfigurationPlatforms) = preSolution
		Debug|Any CPU = Debug|Any CPU
		Release|Any CPU = Release|Any CPU
	EndGlobalSection
	GlobalSection(ProjectConfigurationPlatforms) = postSolution
		{2A408D4E-5ACF-4F44-BDD3-40BE4D4B62F4}.Debug|Any CPU.ActiveCfg = Debug|Any CPU
		{2A408D4E-5ACF-4F44-BDD3-40BE4D4B62F4}.Debug|Any CPU.Build.0 = Debug|Any CPU
		{2A408D4E-5ACF-4F44-BDD3-40BE4D4B62F4}.Release|Any CPU.ActiveCfg = Release|Any CPU
		{2A408D4E-5ACF-4F44-BDD3-40BE4D4B62F4}.Release|Any CPU.Build.0 = Release|Any CPU
		{79A6F8D4-445A-44A3-942D-5EB7F1740B41}.Debug|Any CPU.ActiveCfg = Debug|Any CPU
		{79A6F8D4-445A-44A3-942D-5EB7F1740B41}.Debug|Any CPU.Build.0 = Debug|Any CPU
		{79A6F8D4-445A-44A3-942D-5EB7F1740B41}.Release|Any CPU.ActiveCfg = Release|Any CPU
		{79A6F8D4-445A-44A3-942D-5EB7F1740B41}.Release|Any CPU.Build.0 = Release|Any CPU
		{B5D7A86A-EFC2-4C7B-83EE-CB22BD964BBA}.Debug|Any CPU.ActiveCfg = Debug|Any CPU
		{B5D7A86A-EFC2-4C7B-83EE-CB22BD964BBA}.Debug|Any CPU.Build.0 = Debug|Any CPU
		{B5D7A86A-EFC2-4C7B-83EE-CB22BD964BBA}.Release|Any CPU.ActiveCfg = Release|Any CPU
		{B5D7A86A-EFC2-4C7B-83EE-CB22BD964BBA}.Release|Any CPU.Build.0 = Release|Any CPU
	EndGlobalSection
	GlobalSection(SolutionProperties) = preSolution
		HideSolutionNode = FALSE
	EndGlobalSection
	GlobalSection(ExtensibilityGlobals) = postSolution
		SolutionGuid = {8E527A27-647B-4EF3-BAB0-C247B9A0DE60}
	EndGlobalSection
EndGlobal
